// !$*UTF8*$!
{
	archiveVersion = 1;
	classes = {
	};
	objectVersion = 52;
	objects = {

/* Begin PBXBuildFile section */
		2A188F0E2EBA95675DF87409 /* Pods_Rated_RatedUITests.framework in Frameworks */ = {isa = PBXBuildFile; fileRef = 62D5F1AFC62D7D4DD8FD221A /* Pods_Rated_RatedUITests.framework */; };
		BF44ADC1A37B0667D0CC97CA /* Pods_RatedTests.framework in Frameworks */ = {isa = PBXBuildFile; fileRef = 233A30E772A71C3E9237553C /* Pods_RatedTests.framework */; };
		C0110EAA25A184CA00C6AC63 /* Rating.swift in Sources */ = {isa = PBXBuildFile; fileRef = C0110EA925A184CA00C6AC63 /* Rating.swift */; };
		C0110EAC25A1856500C6AC63 /* Extraneous.swift in Sources */ = {isa = PBXBuildFile; fileRef = C0110EAB25A1856500C6AC63 /* Extraneous.swift */; };
		C02E35F225A17BFE00315E12 /* SignIn.swift in Sources */ = {isa = PBXBuildFile; fileRef = C02E35F125A17BFE00315E12 /* SignIn.swift */; };
		C02E35F425A17C5F00315E12 /* SignUp.swift in Sources */ = {isa = PBXBuildFile; fileRef = C02E35F325A17C5F00315E12 /* SignUp.swift */; };
		C036562024C280FF00B98A75 /* AppDelegate.swift in Sources */ = {isa = PBXBuildFile; fileRef = C036561F24C280FF00B98A75 /* AppDelegate.swift */; };
		C036562224C280FF00B98A75 /* SceneDelegate.swift in Sources */ = {isa = PBXBuildFile; fileRef = C036562124C280FF00B98A75 /* SceneDelegate.swift */; };
		C036562424C280FF00B98A75 /* ContentView.swift in Sources */ = {isa = PBXBuildFile; fileRef = C036562324C280FF00B98A75 /* ContentView.swift */; };
		C036562624C2810100B98A75 /* Assets.xcassets in Resources */ = {isa = PBXBuildFile; fileRef = C036562524C2810100B98A75 /* Assets.xcassets */; };
		C036562924C2810100B98A75 /* Preview Assets.xcassets in Resources */ = {isa = PBXBuildFile; fileRef = C036562824C2810100B98A75 /* Preview Assets.xcassets */; };
		C036562C24C2810100B98A75 /* LaunchScreen.storyboard in Resources */ = {isa = PBXBuildFile; fileRef = C036562A24C2810100B98A75 /* LaunchScreen.storyboard */; };
		C036563724C2810100B98A75 /* RatedTests.swift in Sources */ = {isa = PBXBuildFile; fileRef = C036563624C2810100B98A75 /* RatedTests.swift */; };
		C036564224C2810100B98A75 /* RatedUITests.swift in Sources */ = {isa = PBXBuildFile; fileRef = C036564124C2810100B98A75 /* RatedUITests.swift */; };
		C03DAF1924D9081900CF9497 /* SwiftUICharts in Frameworks */ = {isa = PBXBuildFile; productRef = C03DAF1824D9081900CF9497 /* SwiftUICharts */; };
		C040B2FD24CABD4D00F7A31A /* Gilroy-Light.otf in Resources */ = {isa = PBXBuildFile; fileRef = C040B2FC24CABD4400F7A31A /* Gilroy-Light.otf */; };
		C040B2FE24CABD5000F7A31A /* Gilroy-ExtraBold.otf in Resources */ = {isa = PBXBuildFile; fileRef = C040B2FB24CABD4200F7A31A /* Gilroy-ExtraBold.otf */; };
		C075F60225A182C6009E8BFC /* Home.swift in Sources */ = {isa = PBXBuildFile; fileRef = C075F60125A182C6009E8BFC /* Home.swift */; };
		C0901BF124FB8653007C12B9 /* ProximaNova-Regular.otf in Resources */ = {isa = PBXBuildFile; fileRef = C0901BEE24FB80B8007C12B9 /* ProximaNova-Regular.otf */; };
		C0901BF224FB86FE007C12B9 /* Proxima Nova Bold.otf in Resources */ = {isa = PBXBuildFile; fileRef = C0901BEC24FB80B8007C12B9 /* Proxima Nova Bold.otf */; };
		C0D4351E259D43AB00BAB796 /* GoogleService-Info.plist in Resources */ = {isa = PBXBuildFile; fileRef = C0D4351D259D43AB00BAB796 /* GoogleService-Info.plist */; };
		DF33118BFCF92EE7221C290D /* Pods_Rated.framework in Frameworks */ = {isa = PBXBuildFile; fileRef = 6A621CF1661BE32D20272F12 /* Pods_Rated.framework */; };
/* End PBXBuildFile section */

/* Begin PBXContainerItemProxy section */
		C036563324C2810100B98A75 /* PBXContainerItemProxy */ = {
			isa = PBXContainerItemProxy;
			containerPortal = C036561424C280FF00B98A75 /* Project object */;
			proxyType = 1;
			remoteGlobalIDString = C036561B24C280FF00B98A75;
			remoteInfo = Rated;
		};
		C036563E24C2810100B98A75 /* PBXContainerItemProxy */ = {
			isa = PBXContainerItemProxy;
			containerPortal = C036561424C280FF00B98A75 /* Project object */;
			proxyType = 1;
			remoteGlobalIDString = C036561B24C280FF00B98A75;
			remoteInfo = Rated;
		};
/* End PBXContainerItemProxy section */

/* Begin PBXFileReference section */
		08653618F3AEE4C902E2E14C /* Pods-Rated.release.xcconfig */ = {isa = PBXFileReference; includeInIndex = 1; lastKnownFileType = text.xcconfig; name = "Pods-Rated.release.xcconfig"; path = "Target Support Files/Pods-Rated/Pods-Rated.release.xcconfig"; sourceTree = "<group>"; };
		233A30E772A71C3E9237553C /* Pods_RatedTests.framework */ = {isa = PBXFileReference; explicitFileType = wrapper.framework; includeInIndex = 0; path = Pods_RatedTests.framework; sourceTree = BUILT_PRODUCTS_DIR; };
		25182501BBA1E2A09C9BA30F /* Pods-Rated-RatedUITests.debug.xcconfig */ = {isa = PBXFileReference; includeInIndex = 1; lastKnownFileType = text.xcconfig; name = "Pods-Rated-RatedUITests.debug.xcconfig"; path = "Target Support Files/Pods-Rated-RatedUITests/Pods-Rated-RatedUITests.debug.xcconfig"; sourceTree = "<group>"; };
		62D5F1AFC62D7D4DD8FD221A /* Pods_Rated_RatedUITests.framework */ = {isa = PBXFileReference; explicitFileType = wrapper.framework; includeInIndex = 0; path = Pods_Rated_RatedUITests.framework; sourceTree = BUILT_PRODUCTS_DIR; };
		6A621CF1661BE32D20272F12 /* Pods_Rated.framework */ = {isa = PBXFileReference; explicitFileType = wrapper.framework; includeInIndex = 0; path = Pods_Rated.framework; sourceTree = BUILT_PRODUCTS_DIR; };
		9370968BC1AF6F7F20DCC1F0 /* Pods-Rated.debug.xcconfig */ = {isa = PBXFileReference; includeInIndex = 1; lastKnownFileType = text.xcconfig; name = "Pods-Rated.debug.xcconfig"; path = "Target Support Files/Pods-Rated/Pods-Rated.debug.xcconfig"; sourceTree = "<group>"; };
		9CAFA42EE8B4CD36BA54C6F1 /* Pods-RatedTests.release.xcconfig */ = {isa = PBXFileReference; includeInIndex = 1; lastKnownFileType = text.xcconfig; name = "Pods-RatedTests.release.xcconfig"; path = "Target Support Files/Pods-RatedTests/Pods-RatedTests.release.xcconfig"; sourceTree = "<group>"; };
		C0110EA925A184CA00C6AC63 /* Rating.swift */ = {isa = PBXFileReference; lastKnownFileType = sourcecode.swift; path = Rating.swift; sourceTree = "<group>"; };
		C0110EAB25A1856500C6AC63 /* Extraneous.swift */ = {isa = PBXFileReference; lastKnownFileType = sourcecode.swift; path = Extraneous.swift; sourceTree = "<group>"; };
		C02E35F125A17BFE00315E12 /* SignIn.swift */ = {isa = PBXFileReference; lastKnownFileType = sourcecode.swift; path = SignIn.swift; sourceTree = "<group>"; };
		C02E35F325A17C5F00315E12 /* SignUp.swift */ = {isa = PBXFileReference; lastKnownFileType = sourcecode.swift; path = SignUp.swift; sourceTree = "<group>"; };
		C036561C24C280FF00B98A75 /* Rated.app */ = {isa = PBXFileReference; explicitFileType = wrapper.application; includeInIndex = 0; path = Rated.app; sourceTree = BUILT_PRODUCTS_DIR; };
		C036561F24C280FF00B98A75 /* AppDelegate.swift */ = {isa = PBXFileReference; lastKnownFileType = sourcecode.swift; path = AppDelegate.swift; sourceTree = "<group>"; };
		C036562124C280FF00B98A75 /* SceneDelegate.swift */ = {isa = PBXFileReference; lastKnownFileType = sourcecode.swift; path = SceneDelegate.swift; sourceTree = "<group>"; };
		C036562324C280FF00B98A75 /* ContentView.swift */ = {isa = PBXFileReference; lastKnownFileType = sourcecode.swift; path = ContentView.swift; sourceTree = "<group>"; };
		C036562524C2810100B98A75 /* Assets.xcassets */ = {isa = PBXFileReference; lastKnownFileType = folder.assetcatalog; path = Assets.xcassets; sourceTree = "<group>"; };
		C036562824C2810100B98A75 /* Preview Assets.xcassets */ = {isa = PBXFileReference; lastKnownFileType = folder.assetcatalog; path = "Preview Assets.xcassets"; sourceTree = "<group>"; };
		C036562B24C2810100B98A75 /* Base */ = {isa = PBXFileReference; lastKnownFileType = file.storyboard; name = Base; path = Base.lproj/LaunchScreen.storyboard; sourceTree = "<group>"; };
		C036562D24C2810100B98A75 /* Info.plist */ = {isa = PBXFileReference; lastKnownFileType = text.plist.xml; path = Info.plist; sourceTree = "<group>"; };
		C036563224C2810100B98A75 /* RatedTests.xctest */ = {isa = PBXFileReference; explicitFileType = wrapper.cfbundle; includeInIndex = 0; path = RatedTests.xctest; sourceTree = BUILT_PRODUCTS_DIR; };
		C036563624C2810100B98A75 /* RatedTests.swift */ = {isa = PBXFileReference; lastKnownFileType = sourcecode.swift; path = RatedTests.swift; sourceTree = "<group>"; };
		C036563824C2810100B98A75 /* Info.plist */ = {isa = PBXFileReference; lastKnownFileType = text.plist.xml; path = Info.plist; sourceTree = "<group>"; };
		C036563D24C2810100B98A75 /* RatedUITests.xctest */ = {isa = PBXFileReference; explicitFileType = wrapper.cfbundle; includeInIndex = 0; path = RatedUITests.xctest; sourceTree = BUILT_PRODUCTS_DIR; };
		C036564124C2810100B98A75 /* RatedUITests.swift */ = {isa = PBXFileReference; lastKnownFileType = sourcecode.swift; path = RatedUITests.swift; sourceTree = "<group>"; };
		C036564324C2810100B98A75 /* Info.plist */ = {isa = PBXFileReference; lastKnownFileType = text.plist.xml; path = Info.plist; sourceTree = "<group>"; };
		C040B2FB24CABD4200F7A31A /* Gilroy-ExtraBold.otf */ = {isa = PBXFileReference; lastKnownFileType = file; path = "Gilroy-ExtraBold.otf"; sourceTree = "<group>"; };
		C040B2FC24CABD4400F7A31A /* Gilroy-Light.otf */ = {isa = PBXFileReference; lastKnownFileType = file; path = "Gilroy-Light.otf"; sourceTree = "<group>"; };
		C075F60125A182C6009E8BFC /* Home.swift */ = {isa = PBXFileReference; lastKnownFileType = sourcecode.swift; path = Home.swift; sourceTree = "<group>"; };
		C0901BE724FB80B7007C12B9 /* Proxima Nova Thin.otf */ = {isa = PBXFileReference; lastKnownFileType = file; name = "Proxima Nova Thin.otf"; path = "../../../../../Downloads/proxima_ssv/Proxima Nova Thin.otf"; sourceTree = "<group>"; };
		C0901BE824FB80B7007C12B9 /* Proxima Nova Black.otf */ = {isa = PBXFileReference; lastKnownFileType = file; name = "Proxima Nova Black.otf"; path = "../../../../../Downloads/proxima_ssv/Proxima Nova Black.otf"; sourceTree = "<group>"; };
		C0901BE924FB80B7007C12B9 /* Proxima Nova Alt Light.otf */ = {isa = PBXFileReference; lastKnownFileType = file; name = "Proxima Nova Alt Light.otf"; path = "../../../../../Downloads/proxima_ssv/Proxima Nova Alt Light.otf"; sourceTree = "<group>"; };
		C0901BEA24FB80B7007C12B9 /* Proxima Nova Alt Bold.otf */ = {isa = PBXFileReference; lastKnownFileType = file; name = "Proxima Nova Alt Bold.otf"; path = "../../../../../Downloads/proxima_ssv/Proxima Nova Alt Bold.otf"; sourceTree = "<group>"; };
		C0901BEB24FB80B8007C12B9 /* Proxima Nova Extrabold.otf */ = {isa = PBXFileReference; lastKnownFileType = file; name = "Proxima Nova Extrabold.otf"; path = "../../../../../Downloads/proxima_ssv/Proxima Nova Extrabold.otf"; sourceTree = "<group>"; };
		C0901BEC24FB80B8007C12B9 /* Proxima Nova Bold.otf */ = {isa = PBXFileReference; lastKnownFileType = file; name = "Proxima Nova Bold.otf"; path = "../../../../../Downloads/proxima_ssv/Proxima Nova Bold.otf"; sourceTree = "<group>"; };
		C0901BED24FB80B8007C12B9 /* Proxima Nova Alt Thin.otf */ = {isa = PBXFileReference; lastKnownFileType = file; name = "Proxima Nova Alt Thin.otf"; path = "../../../../../Downloads/proxima_ssv/Proxima Nova Alt Thin.otf"; sourceTree = "<group>"; };
		C0901BEE24FB80B8007C12B9 /* ProximaNova-Regular.otf */ = {isa = PBXFileReference; lastKnownFileType = file; name = "ProximaNova-Regular.otf"; path = "../../../../../Downloads/proxima_ssv/ProximaNova-Regular.otf"; sourceTree = "<group>"; };
		C0D4351D259D43AB00BAB796 /* GoogleService-Info.plist */ = {isa = PBXFileReference; fileEncoding = 4; lastKnownFileType = text.plist.xml; path = "GoogleService-Info.plist"; sourceTree = "<group>"; };
		DF088259FBA3D2B49ED5702E /* Pods-RatedTests.debug.xcconfig */ = {isa = PBXFileReference; includeInIndex = 1; lastKnownFileType = text.xcconfig; name = "Pods-RatedTests.debug.xcconfig"; path = "Target Support Files/Pods-RatedTests/Pods-RatedTests.debug.xcconfig"; sourceTree = "<group>"; };
		F53429266DC795AAA7132DD8 /* Pods-Rated-RatedUITests.release.xcconfig */ = {isa = PBXFileReference; includeInIndex = 1; lastKnownFileType = text.xcconfig; name = "Pods-Rated-RatedUITests.release.xcconfig"; path = "Target Support Files/Pods-Rated-RatedUITests/Pods-Rated-RatedUITests.release.xcconfig"; sourceTree = "<group>"; };
/* End PBXFileReference section */

/* Begin PBXFrameworksBuildPhase section */
		C036561924C280FF00B98A75 /* Frameworks */ = {
			isa = PBXFrameworksBuildPhase;
			buildActionMask = 2147483647;
			files = (
				DF33118BFCF92EE7221C290D /* Pods_Rated.framework in Frameworks */,
				C03DAF1924D9081900CF9497 /* SwiftUICharts in Frameworks */,
			);
			runOnlyForDeploymentPostprocessing = 0;
		};
		C036562F24C2810100B98A75 /* Frameworks */ = {
			isa = PBXFrameworksBuildPhase;
			buildActionMask = 2147483647;
			files = (
				BF44ADC1A37B0667D0CC97CA /* Pods_RatedTests.framework in Frameworks */,
			);
			runOnlyForDeploymentPostprocessing = 0;
		};
		C036563A24C2810100B98A75 /* Frameworks */ = {
			isa = PBXFrameworksBuildPhase;
			buildActionMask = 2147483647;
			files = (
				2A188F0E2EBA95675DF87409 /* Pods_Rated_RatedUITests.framework in Frameworks */,
			);
			runOnlyForDeploymentPostprocessing = 0;
		};
/* End PBXFrameworksBuildPhase section */

/* Begin PBXGroup section */
		3DDE1853F9FA66F845633330 /* Pods */ = {
			isa = PBXGroup;
			children = (
				9370968BC1AF6F7F20DCC1F0 /* Pods-Rated.debug.xcconfig */,
				08653618F3AEE4C902E2E14C /* Pods-Rated.release.xcconfig */,
				25182501BBA1E2A09C9BA30F /* Pods-Rated-RatedUITests.debug.xcconfig */,
				F53429266DC795AAA7132DD8 /* Pods-Rated-RatedUITests.release.xcconfig */,
				DF088259FBA3D2B49ED5702E /* Pods-RatedTests.debug.xcconfig */,
				9CAFA42EE8B4CD36BA54C6F1 /* Pods-RatedTests.release.xcconfig */,
			);
			path = Pods;
			sourceTree = "<group>";
		};
		C036561324C280FF00B98A75 = {
			isa = PBXGroup;
			children = (
				C036561E24C280FF00B98A75 /* Rated */,
				C036563524C2810100B98A75 /* RatedTests */,
				C036564024C2810100B98A75 /* RatedUITests */,
				C036561D24C280FF00B98A75 /* Products */,
				3DDE1853F9FA66F845633330 /* Pods */,
				F49F33D531E041DDF8D9E32B /* Frameworks */,
			);
			sourceTree = "<group>";
		};
		C036561D24C280FF00B98A75 /* Products */ = {
			isa = PBXGroup;
			children = (
				C036561C24C280FF00B98A75 /* Rated.app */,
				C036563224C2810100B98A75 /* RatedTests.xctest */,
				C036563D24C2810100B98A75 /* RatedUITests.xctest */,
			);
			name = Products;
			sourceTree = "<group>";
		};
		C036561E24C280FF00B98A75 /* Rated */ = {
			isa = PBXGroup;
			children = (
				C0D4351D259D43AB00BAB796 /* GoogleService-Info.plist */,
				C036561F24C280FF00B98A75 /* AppDelegate.swift */,
				C036562124C280FF00B98A75 /* SceneDelegate.swift */,
				C036562324C280FF00B98A75 /* ContentView.swift */,
				C0110EAB25A1856500C6AC63 /* Extraneous.swift */,
				C0110EA925A184CA00C6AC63 /* Rating.swift */,
				C075F60125A182C6009E8BFC /* Home.swift */,
				C02E35F325A17C5F00315E12 /* SignUp.swift */,
				C02E35F125A17BFE00315E12 /* SignIn.swift */,
				C036562524C2810100B98A75 /* Assets.xcassets */,
				C036562A24C2810100B98A75 /* LaunchScreen.storyboard */,
				C040B2E824CAB02500F7A31A /* Fonts */,
				C036562D24C2810100B98A75 /* Info.plist */,
				C036562724C2810100B98A75 /* Preview Content */,
			);
			path = Rated;
			sourceTree = "<group>";
		};
		C036562724C2810100B98A75 /* Preview Content */ = {
			isa = PBXGroup;
			children = (
				C036562824C2810100B98A75 /* Preview Assets.xcassets */,
			);
			path = "Preview Content";
			sourceTree = "<group>";
		};
		C036563524C2810100B98A75 /* RatedTests */ = {
			isa = PBXGroup;
			children = (
				C036563624C2810100B98A75 /* RatedTests.swift */,
				C036563824C2810100B98A75 /* Info.plist */,
			);
			path = RatedTests;
			sourceTree = "<group>";
		};
		C036564024C2810100B98A75 /* RatedUITests */ = {
			isa = PBXGroup;
			children = (
				C036564124C2810100B98A75 /* RatedUITests.swift */,
				C036564324C2810100B98A75 /* Info.plist */,
			);
			path = RatedUITests;
			sourceTree = "<group>";
		};
		C040B2E824CAB02500F7A31A /* Fonts */ = {
			isa = PBXGroup;
			children = (
				C040B2FB24CABD4200F7A31A /* Gilroy-ExtraBold.otf */,
				C040B2FC24CABD4400F7A31A /* Gilroy-Light.otf */,
				C0901BEA24FB80B7007C12B9 /* Proxima Nova Alt Bold.otf */,
				C0901BE924FB80B7007C12B9 /* Proxima Nova Alt Light.otf */,
				C0901BED24FB80B8007C12B9 /* Proxima Nova Alt Thin.otf */,
				C0901BE824FB80B7007C12B9 /* Proxima Nova Black.otf */,
				C0901BEC24FB80B8007C12B9 /* Proxima Nova Bold.otf */,
				C0901BEB24FB80B8007C12B9 /* Proxima Nova Extrabold.otf */,
				C0901BE724FB80B7007C12B9 /* Proxima Nova Thin.otf */,
				C0901BEE24FB80B8007C12B9 /* ProximaNova-Regular.otf */,
			);
			path = Fonts;
			sourceTree = "<group>";
		};
		F49F33D531E041DDF8D9E32B /* Frameworks */ = {
			isa = PBXGroup;
			children = (
				6A621CF1661BE32D20272F12 /* Pods_Rated.framework */,
				62D5F1AFC62D7D4DD8FD221A /* Pods_Rated_RatedUITests.framework */,
				233A30E772A71C3E9237553C /* Pods_RatedTests.framework */,
			);
			name = Frameworks;
			sourceTree = "<group>";
		};
/* End PBXGroup section */

/* Begin PBXNativeTarget section */
		C036561B24C280FF00B98A75 /* Rated */ = {
			isa = PBXNativeTarget;
			buildConfigurationList = C036564624C2810100B98A75 /* Build configuration list for PBXNativeTarget "Rated" */;
			buildPhases = (
				887C777404A25D83DBCEB6B1 /* [CP] Check Pods Manifest.lock */,
				09E6117DEF596F98843E92DF /* [CP] Prepare Artifacts */,
				C036561824C280FF00B98A75 /* Sources */,
				C036561924C280FF00B98A75 /* Frameworks */,
				C036561A24C280FF00B98A75 /* Resources */,
				8EA0429C10013E1397211EE5 /* [CP] Embed Pods Frameworks */,
				24930ED0C230C75C29AD2ECB /* [CP] Copy Pods Resources */,
			);
			buildRules = (
			);
			dependencies = (
			);
			name = Rated;
			packageProductDependencies = (
				C03DAF1824D9081900CF9497 /* SwiftUICharts */,
			);
			productName = Rated;
			productReference = C036561C24C280FF00B98A75 /* Rated.app */;
			productType = "com.apple.product-type.application";
		};
		C036563124C2810100B98A75 /* RatedTests */ = {
			isa = PBXNativeTarget;
			buildConfigurationList = C036564924C2810100B98A75 /* Build configuration list for PBXNativeTarget "RatedTests" */;
			buildPhases = (
				674B7DC5A5A240004A508777 /* [CP] Check Pods Manifest.lock */,
				C036562E24C2810100B98A75 /* Sources */,
				C036562F24C2810100B98A75 /* Frameworks */,
				C036563024C2810100B98A75 /* Resources */,
			);
			buildRules = (
			);
			dependencies = (
				C036563424C2810100B98A75 /* PBXTargetDependency */,
			);
			name = RatedTests;
			productName = RatedTests;
			productReference = C036563224C2810100B98A75 /* RatedTests.xctest */;
			productType = "com.apple.product-type.bundle.unit-test";
		};
		C036563C24C2810100B98A75 /* RatedUITests */ = {
			isa = PBXNativeTarget;
			buildConfigurationList = C036564C24C2810100B98A75 /* Build configuration list for PBXNativeTarget "RatedUITests" */;
			buildPhases = (
				D54BA9731A45843B109303F3 /* [CP] Check Pods Manifest.lock */,
				DD845F7C7EABED78842CDC1A /* [CP] Prepare Artifacts */,
				C036563924C2810100B98A75 /* Sources */,
				C036563A24C2810100B98A75 /* Frameworks */,
				C036563B24C2810100B98A75 /* Resources */,
				CE962CCB8C8714C6CA5301D4 /* [CP] Embed Pods Frameworks */,
				4C786C868997D89013F8FF61 /* [CP] Copy Pods Resources */,
			);
			buildRules = (
			);
			dependencies = (
				C036563F24C2810100B98A75 /* PBXTargetDependency */,
			);
			name = RatedUITests;
			productName = RatedUITests;
			productReference = C036563D24C2810100B98A75 /* RatedUITests.xctest */;
			productType = "com.apple.product-type.bundle.ui-testing";
		};
/* End PBXNativeTarget section */

/* Begin PBXProject section */
		C036561424C280FF00B98A75 /* Project object */ = {
			isa = PBXProject;
			attributes = {
				LastSwiftUpdateCheck = 1150;
				LastUpgradeCheck = 1150;
				ORGANIZATIONNAME = "Evija Digital";
				TargetAttributes = {
					C036561B24C280FF00B98A75 = {
						CreatedOnToolsVersion = 11.5;
					};
					C036563124C2810100B98A75 = {
						CreatedOnToolsVersion = 11.5;
						TestTargetID = C036561B24C280FF00B98A75;
					};
					C036563C24C2810100B98A75 = {
						CreatedOnToolsVersion = 11.5;
						TestTargetID = C036561B24C280FF00B98A75;
					};
				};
			};
			buildConfigurationList = C036561724C280FF00B98A75 /* Build configuration list for PBXProject "Rated" */;
			compatibilityVersion = "Xcode 9.3";
			developmentRegion = en;
			hasScannedForEncodings = 0;
			knownRegions = (
				en,
				Base,
			);
			mainGroup = C036561324C280FF00B98A75;
			packageReferences = (
				C03DAF1724D9081900CF9497 /* XCRemoteSwiftPackageReference "ChartView" */,
			);
			productRefGroup = C036561D24C280FF00B98A75 /* Products */;
			projectDirPath = "";
			projectRoot = "";
			targets = (
				C036561B24C280FF00B98A75 /* Rated */,
				C036563124C2810100B98A75 /* RatedTests */,
				C036563C24C2810100B98A75 /* RatedUITests */,
			);
		};
/* End PBXProject section */

/* Begin PBXResourcesBuildPhase section */
		C036561A24C280FF00B98A75 /* Resources */ = {
			isa = PBXResourcesBuildPhase;
			buildActionMask = 2147483647;
			files = (
				C040B2FE24CABD5000F7A31A /* Gilroy-ExtraBold.otf in Resources */,
				C0901BF224FB86FE007C12B9 /* Proxima Nova Bold.otf in Resources */,
				C0D4351E259D43AB00BAB796 /* GoogleService-Info.plist in Resources */,
				C0901BF124FB8653007C12B9 /* ProximaNova-Regular.otf in Resources */,
				C036562C24C2810100B98A75 /* LaunchScreen.storyboard in Resources */,
				C036562924C2810100B98A75 /* Preview Assets.xcassets in Resources */,
				C036562624C2810100B98A75 /* Assets.xcassets in Resources */,
				C040B2FD24CABD4D00F7A31A /* Gilroy-Light.otf in Resources */,
			);
			runOnlyForDeploymentPostprocessing = 0;
		};
		C036563024C2810100B98A75 /* Resources */ = {
			isa = PBXResourcesBuildPhase;
			buildActionMask = 2147483647;
			files = (
			);
			runOnlyForDeploymentPostprocessing = 0;
		};
		C036563B24C2810100B98A75 /* Resources */ = {
			isa = PBXResourcesBuildPhase;
			buildActionMask = 2147483647;
			files = (
			);
			runOnlyForDeploymentPostprocessing = 0;
		};
/* End PBXResourcesBuildPhase section */

/* Begin PBXShellScriptBuildPhase section */
		09E6117DEF596F98843E92DF /* [CP] Prepare Artifacts */ = {
			isa = PBXShellScriptBuildPhase;
			buildActionMask = 2147483647;
			files = (
			);
			inputFileListPaths = (
				"${PODS_ROOT}/Target Support Files/Pods-Rated/Pods-Rated-artifacts-${CONFIGURATION}-input-files.xcfilelist",
			);
			name = "[CP] Prepare Artifacts";
			outputFileListPaths = (
				"${PODS_ROOT}/Target Support Files/Pods-Rated/Pods-Rated-artifacts-${CONFIGURATION}-output-files.xcfilelist",
			);
			runOnlyForDeploymentPostprocessing = 0;
			shellPath = /bin/sh;
			shellScript = "\"${PODS_ROOT}/Target Support Files/Pods-Rated/Pods-Rated-artifacts.sh\"\n";
			showEnvVarsInLog = 0;
		};
		24930ED0C230C75C29AD2ECB /* [CP] Copy Pods Resources */ = {
			isa = PBXShellScriptBuildPhase;
			buildActionMask = 2147483647;
			files = (
			);
			inputFileListPaths = (
				"${PODS_ROOT}/Target Support Files/Pods-Rated/Pods-Rated-resources-${CONFIGURATION}-input-files.xcfilelist",
			);
			name = "[CP] Copy Pods Resources";
			outputFileListPaths = (
				"${PODS_ROOT}/Target Support Files/Pods-Rated/Pods-Rated-resources-${CONFIGURATION}-output-files.xcfilelist",
			);
			runOnlyForDeploymentPostprocessing = 0;
			shellPath = /bin/sh;
			shellScript = "\"${PODS_ROOT}/Target Support Files/Pods-Rated/Pods-Rated-resources.sh\"\n";
			showEnvVarsInLog = 0;
		};
		4C786C868997D89013F8FF61 /* [CP] Copy Pods Resources */ = {
			isa = PBXShellScriptBuildPhase;
			buildActionMask = 2147483647;
			files = (
			);
			inputFileListPaths = (
				"${PODS_ROOT}/Target Support Files/Pods-Rated-RatedUITests/Pods-Rated-RatedUITests-resources-${CONFIGURATION}-input-files.xcfilelist",
			);
			name = "[CP] Copy Pods Resources";
			outputFileListPaths = (
				"${PODS_ROOT}/Target Support Files/Pods-Rated-RatedUITests/Pods-Rated-RatedUITests-resources-${CONFIGURATION}-output-files.xcfilelist",
			);
			runOnlyForDeploymentPostprocessing = 0;
			shellPath = /bin/sh;
			shellScript = "\"${PODS_ROOT}/Target Support Files/Pods-Rated-RatedUITests/Pods-Rated-RatedUITests-resources.sh\"\n";
			showEnvVarsInLog = 0;
		};
		674B7DC5A5A240004A508777 /* [CP] Check Pods Manifest.lock */ = {
			isa = PBXShellScriptBuildPhase;
			buildActionMask = 2147483647;
			files = (
			);
			inputFileListPaths = (
			);
			inputPaths = (
				"${PODS_PODFILE_DIR_PATH}/Podfile.lock",
				"${PODS_ROOT}/Manifest.lock",
			);
			name = "[CP] Check Pods Manifest.lock";
			outputFileListPaths = (
			);
			outputPaths = (
				"$(DERIVED_FILE_DIR)/Pods-RatedTests-checkManifestLockResult.txt",
			);
			runOnlyForDeploymentPostprocessing = 0;
			shellPath = /bin/sh;
			shellScript = "diff \"${PODS_PODFILE_DIR_PATH}/Podfile.lock\" \"${PODS_ROOT}/Manifest.lock\" > /dev/null\nif [ $? != 0 ] ; then\n    # print error to STDERR\n    echo \"error: The sandbox is not in sync with the Podfile.lock. Run 'pod install' or update your CocoaPods installation.\" >&2\n    exit 1\nfi\n# This output is used by Xcode 'outputs' to avoid re-running this script phase.\necho \"SUCCESS\" > \"${SCRIPT_OUTPUT_FILE_0}\"\n";
			showEnvVarsInLog = 0;
		};
		887C777404A25D83DBCEB6B1 /* [CP] Check Pods Manifest.lock */ = {
			isa = PBXShellScriptBuildPhase;
			buildActionMask = 2147483647;
			files = (
			);
			inputFileListPaths = (
			);
			inputPaths = (
				"${PODS_PODFILE_DIR_PATH}/Podfile.lock",
				"${PODS_ROOT}/Manifest.lock",
			);
			name = "[CP] Check Pods Manifest.lock";
			outputFileListPaths = (
			);
			outputPaths = (
				"$(DERIVED_FILE_DIR)/Pods-Rated-checkManifestLockResult.txt",
			);
			runOnlyForDeploymentPostprocessing = 0;
			shellPath = /bin/sh;
			shellScript = "diff \"${PODS_PODFILE_DIR_PATH}/Podfile.lock\" \"${PODS_ROOT}/Manifest.lock\" > /dev/null\nif [ $? != 0 ] ; then\n    # print error to STDERR\n    echo \"error: The sandbox is not in sync with the Podfile.lock. Run 'pod install' or update your CocoaPods installation.\" >&2\n    exit 1\nfi\n# This output is used by Xcode 'outputs' to avoid re-running this script phase.\necho \"SUCCESS\" > \"${SCRIPT_OUTPUT_FILE_0}\"\n";
			showEnvVarsInLog = 0;
		};
		8EA0429C10013E1397211EE5 /* [CP] Embed Pods Frameworks */ = {
			isa = PBXShellScriptBuildPhase;
			buildActionMask = 2147483647;
			files = (
			);
			inputFileListPaths = (
				"${PODS_ROOT}/Target Support Files/Pods-Rated/Pods-Rated-frameworks-${CONFIGURATION}-input-files.xcfilelist",
			);
			name = "[CP] Embed Pods Frameworks";
			outputFileListPaths = (
				"${PODS_ROOT}/Target Support Files/Pods-Rated/Pods-Rated-frameworks-${CONFIGURATION}-output-files.xcfilelist",
			);
			runOnlyForDeploymentPostprocessing = 0;
			shellPath = /bin/sh;
			shellScript = "\"${PODS_ROOT}/Target Support Files/Pods-Rated/Pods-Rated-frameworks.sh\"\n";
			showEnvVarsInLog = 0;
		};
		CE962CCB8C8714C6CA5301D4 /* [CP] Embed Pods Frameworks */ = {
			isa = PBXShellScriptBuildPhase;
			buildActionMask = 2147483647;
			files = (
			);
			inputFileListPaths = (
				"${PODS_ROOT}/Target Support Files/Pods-Rated-RatedUITests/Pods-Rated-RatedUITests-frameworks-${CONFIGURATION}-input-files.xcfilelist",
			);
			name = "[CP] Embed Pods Frameworks";
			outputFileListPaths = (
				"${PODS_ROOT}/Target Support Files/Pods-Rated-RatedUITests/Pods-Rated-RatedUITests-frameworks-${CONFIGURATION}-output-files.xcfilelist",
			);
			runOnlyForDeploymentPostprocessing = 0;
			shellPath = /bin/sh;
			shellScript = "\"${PODS_ROOT}/Target Support Files/Pods-Rated-RatedUITests/Pods-Rated-RatedUITests-frameworks.sh\"\n";
			showEnvVarsInLog = 0;
		};
		D54BA9731A45843B109303F3 /* [CP] Check Pods Manifest.lock */ = {
			isa = PBXShellScriptBuildPhase;
			buildActionMask = 2147483647;
			files = (
			);
			inputFileListPaths = (
			);
			inputPaths = (
				"${PODS_PODFILE_DIR_PATH}/Podfile.lock",
				"${PODS_ROOT}/Manifest.lock",
			);
			name = "[CP] Check Pods Manifest.lock";
			outputFileListPaths = (
			);
			outputPaths = (
				"$(DERIVED_FILE_DIR)/Pods-Rated-RatedUITests-checkManifestLockResult.txt",
			);
			runOnlyForDeploymentPostprocessing = 0;
			shellPath = /bin/sh;
			shellScript = "diff \"${PODS_PODFILE_DIR_PATH}/Podfile.lock\" \"${PODS_ROOT}/Manifest.lock\" > /dev/null\nif [ $? != 0 ] ; then\n    # print error to STDERR\n    echo \"error: The sandbox is not in sync with the Podfile.lock. Run 'pod install' or update your CocoaPods installation.\" >&2\n    exit 1\nfi\n# This output is used by Xcode 'outputs' to avoid re-running this script phase.\necho \"SUCCESS\" > \"${SCRIPT_OUTPUT_FILE_0}\"\n";
			showEnvVarsInLog = 0;
		};
		DD845F7C7EABED78842CDC1A /* [CP] Prepare Artifacts */ = {
			isa = PBXShellScriptBuildPhase;
			buildActionMask = 2147483647;
			files = (
			);
			inputFileListPaths = (
				"${PODS_ROOT}/Target Support Files/Pods-Rated-RatedUITests/Pods-Rated-RatedUITests-artifacts-${CONFIGURATION}-input-files.xcfilelist",
			);
			name = "[CP] Prepare Artifacts";
			outputFileListPaths = (
				"${PODS_ROOT}/Target Support Files/Pods-Rated-RatedUITests/Pods-Rated-RatedUITests-artifacts-${CONFIGURATION}-output-files.xcfilelist",
			);
			runOnlyForDeploymentPostprocessing = 0;
			shellPath = /bin/sh;
			shellScript = "\"${PODS_ROOT}/Target Support Files/Pods-Rated-RatedUITests/Pods-Rated-RatedUITests-artifacts.sh\"\n";
			showEnvVarsInLog = 0;
		};
/* End PBXShellScriptBuildPhase section */

/* Begin PBXSourcesBuildPhase section */
		C036561824C280FF00B98A75 /* Sources */ = {
			isa = PBXSourcesBuildPhase;
			buildActionMask = 2147483647;
			files = (
				C036562024C280FF00B98A75 /* AppDelegate.swift in Sources */,
				C0110EAC25A1856500C6AC63 /* Extraneous.swift in Sources */,
				C036562224C280FF00B98A75 /* SceneDelegate.swift in Sources */,
				C036562424C280FF00B98A75 /* ContentView.swift in Sources */,
				C02E35F225A17BFE00315E12 /* SignIn.swift in Sources */,
				C075F60225A182C6009E8BFC /* Home.swift in Sources */,
				C02E35F425A17C5F00315E12 /* SignUp.swift in Sources */,
				C0110EAA25A184CA00C6AC63 /* Rating.swift in Sources */,
			);
			runOnlyForDeploymentPostprocessing = 0;
		};
		C036562E24C2810100B98A75 /* Sources */ = {
			isa = PBXSourcesBuildPhase;
			buildActionMask = 2147483647;
			files = (
				C036563724C2810100B98A75 /* RatedTests.swift in Sources */,
			);
			runOnlyForDeploymentPostprocessing = 0;
		};
		C036563924C2810100B98A75 /* Sources */ = {
			isa = PBXSourcesBuildPhase;
			buildActionMask = 2147483647;
			files = (
				C036564224C2810100B98A75 /* RatedUITests.swift in Sources */,
			);
			runOnlyForDeploymentPostprocessing = 0;
		};
/* End PBXSourcesBuildPhase section */

/* Begin PBXTargetDependency section */
		C036563424C2810100B98A75 /* PBXTargetDependency */ = {
			isa = PBXTargetDependency;
			target = C036561B24C280FF00B98A75 /* Rated */;
			targetProxy = C036563324C2810100B98A75 /* PBXContainerItemProxy */;
		};
		C036563F24C2810100B98A75 /* PBXTargetDependency */ = {
			isa = PBXTargetDependency;
			target = C036561B24C280FF00B98A75 /* Rated */;
			targetProxy = C036563E24C2810100B98A75 /* PBXContainerItemProxy */;
		};
/* End PBXTargetDependency section */

/* Begin PBXVariantGroup section */
		C036562A24C2810100B98A75 /* LaunchScreen.storyboard */ = {
			isa = PBXVariantGroup;
			children = (
				C036562B24C2810100B98A75 /* Base */,
			);
			name = LaunchScreen.storyboard;
			sourceTree = "<group>";
		};
/* End PBXVariantGroup section */

/* Begin XCBuildConfiguration section */
		C036564424C2810100B98A75 /* Debug */ = {
			isa = XCBuildConfiguration;
			buildSettings = {
				ALWAYS_SEARCH_USER_PATHS = NO;
				CLANG_ANALYZER_NONNULL = YES;
				CLANG_ANALYZER_NUMBER_OBJECT_CONVERSION = YES_AGGRESSIVE;
				CLANG_CXX_LANGUAGE_STANDARD = "gnu++14";
				CLANG_CXX_LIBRARY = "libc++";
				CLANG_ENABLE_MODULES = YES;
				CLANG_ENABLE_OBJC_ARC = YES;
				CLANG_ENABLE_OBJC_WEAK = YES;
				CLANG_WARN_BLOCK_CAPTURE_AUTORELEASING = YES;
				CLANG_WARN_BOOL_CONVERSION = YES;
				CLANG_WARN_COMMA = YES;
				CLANG_WARN_CONSTANT_CONVERSION = YES;
				CLANG_WARN_DEPRECATED_OBJC_IMPLEMENTATIONS = YES;
				CLANG_WARN_DIRECT_OBJC_ISA_USAGE = YES_ERROR;
				CLANG_WARN_DOCUMENTATION_COMMENTS = YES;
				CLANG_WARN_EMPTY_BODY = YES;
				CLANG_WARN_ENUM_CONVERSION = YES;
				CLANG_WARN_INFINITE_RECURSION = YES;
				CLANG_WARN_INT_CONVERSION = YES;
				CLANG_WARN_NON_LITERAL_NULL_CONVERSION = YES;
				CLANG_WARN_OBJC_IMPLICIT_RETAIN_SELF = YES;
				CLANG_WARN_OBJC_LITERAL_CONVERSION = YES;
				CLANG_WARN_OBJC_ROOT_CLASS = YES_ERROR;
				CLANG_WARN_RANGE_LOOP_ANALYSIS = YES;
				CLANG_WARN_STRICT_PROTOTYPES = YES;
				CLANG_WARN_SUSPICIOUS_MOVE = YES;
				CLANG_WARN_UNGUARDED_AVAILABILITY = YES_AGGRESSIVE;
				CLANG_WARN_UNREACHABLE_CODE = YES;
				CLANG_WARN__DUPLICATE_METHOD_MATCH = YES;
				COPY_PHASE_STRIP = NO;
				DEBUG_INFORMATION_FORMAT = dwarf;
				ENABLE_STRICT_OBJC_MSGSEND = YES;
				ENABLE_TESTABILITY = YES;
				GCC_C_LANGUAGE_STANDARD = gnu11;
				GCC_DYNAMIC_NO_PIC = NO;
				GCC_NO_COMMON_BLOCKS = YES;
				GCC_OPTIMIZATION_LEVEL = 0;
				GCC_PREPROCESSOR_DEFINITIONS = (
					"DEBUG=1",
					"$(inherited)",
				);
				GCC_WARN_64_TO_32_BIT_CONVERSION = YES;
				GCC_WARN_ABOUT_RETURN_TYPE = YES_ERROR;
				GCC_WARN_UNDECLARED_SELECTOR = YES;
				GCC_WARN_UNINITIALIZED_AUTOS = YES_AGGRESSIVE;
				GCC_WARN_UNUSED_FUNCTION = YES;
				GCC_WARN_UNUSED_VARIABLE = YES;
				IPHONEOS_DEPLOYMENT_TARGET = 13.5;
				MTL_ENABLE_DEBUG_INFO = INCLUDE_SOURCE;
				MTL_FAST_MATH = YES;
				ONLY_ACTIVE_ARCH = YES;
				SDKROOT = iphoneos;
				SWIFT_ACTIVE_COMPILATION_CONDITIONS = DEBUG;
				SWIFT_OPTIMIZATION_LEVEL = "-Onone";
			};
			name = Debug;
		};
		C036564524C2810100B98A75 /* Release */ = {
			isa = XCBuildConfiguration;
			buildSettings = {
				ALWAYS_SEARCH_USER_PATHS = NO;
				CLANG_ANALYZER_NONNULL = YES;
				CLANG_ANALYZER_NUMBER_OBJECT_CONVERSION = YES_AGGRESSIVE;
				CLANG_CXX_LANGUAGE_STANDARD = "gnu++14";
				CLANG_CXX_LIBRARY = "libc++";
				CLANG_ENABLE_MODULES = YES;
				CLANG_ENABLE_OBJC_ARC = YES;
				CLANG_ENABLE_OBJC_WEAK = YES;
				CLANG_WARN_BLOCK_CAPTURE_AUTORELEASING = YES;
				CLANG_WARN_BOOL_CONVERSION = YES;
				CLANG_WARN_COMMA = YES;
				CLANG_WARN_CONSTANT_CONVERSION = YES;
				CLANG_WARN_DEPRECATED_OBJC_IMPLEMENTATIONS = YES;
				CLANG_WARN_DIRECT_OBJC_ISA_USAGE = YES_ERROR;
				CLANG_WARN_DOCUMENTATION_COMMENTS = YES;
				CLANG_WARN_EMPTY_BODY = YES;
				CLANG_WARN_ENUM_CONVERSION = YES;
				CLANG_WARN_INFINITE_RECURSION = YES;
				CLANG_WARN_INT_CONVERSION = YES;
				CLANG_WARN_NON_LITERAL_NULL_CONVERSION = YES;
				CLANG_WARN_OBJC_IMPLICIT_RETAIN_SELF = YES;
				CLANG_WARN_OBJC_LITERAL_CONVERSION = YES;
				CLANG_WARN_OBJC_ROOT_CLASS = YES_ERROR;
				CLANG_WARN_RANGE_LOOP_ANALYSIS = YES;
				CLANG_WARN_STRICT_PROTOTYPES = YES;
				CLANG_WARN_SUSPICIOUS_MOVE = YES;
				CLANG_WARN_UNGUARDED_AVAILABILITY = YES_AGGRESSIVE;
				CLANG_WARN_UNREACHABLE_CODE = YES;
				CLANG_WARN__DUPLICATE_METHOD_MATCH = YES;
				COPY_PHASE_STRIP = NO;
				DEBUG_INFORMATION_FORMAT = "dwarf-with-dsym";
				ENABLE_NS_ASSERTIONS = NO;
				ENABLE_STRICT_OBJC_MSGSEND = YES;
				GCC_C_LANGUAGE_STANDARD = gnu11;
				GCC_NO_COMMON_BLOCKS = YES;
				GCC_WARN_64_TO_32_BIT_CONVERSION = YES;
				GCC_WARN_ABOUT_RETURN_TYPE = YES_ERROR;
				GCC_WARN_UNDECLARED_SELECTOR = YES;
				GCC_WARN_UNINITIALIZED_AUTOS = YES_AGGRESSIVE;
				GCC_WARN_UNUSED_FUNCTION = YES;
				GCC_WARN_UNUSED_VARIABLE = YES;
				IPHONEOS_DEPLOYMENT_TARGET = 13.5;
				MTL_ENABLE_DEBUG_INFO = NO;
				MTL_FAST_MATH = YES;
				SDKROOT = iphoneos;
				SWIFT_COMPILATION_MODE = wholemodule;
				SWIFT_OPTIMIZATION_LEVEL = "-O";
				VALIDATE_PRODUCT = YES;
			};
			name = Release;
		};
		C036564724C2810100B98A75 /* Debug */ = {
			isa = XCBuildConfiguration;
			baseConfigurationReference = 9370968BC1AF6F7F20DCC1F0 /* Pods-Rated.debug.xcconfig */;
			buildSettings = {
				ASSETCATALOG_COMPILER_APPICON_NAME = AppIcon;
				CODE_SIGN_STYLE = Automatic;
				DEVELOPMENT_ASSET_PATHS = "\"Rated/Preview Content\"";
				DEVELOPMENT_TEAM = 7JWF9M5F83;
				ENABLE_PREVIEWS = YES;
				INFOPLIST_FILE = Rated/Info.plist;
				IPHONEOS_DEPLOYMENT_TARGET = 13.5;
				LD_RUNPATH_SEARCH_PATHS = (
					"$(inherited)",
					"@executable_path/Frameworks",
				);
				PRODUCT_BUNDLE_IDENTIFIER = com.evijadigital.Rated;
				PRODUCT_NAME = "$(TARGET_NAME)";
				SWIFT_VERSION = 5.0;
				TARGETED_DEVICE_FAMILY = "1,2";
			};
			name = Debug;
		};
		C036564824C2810100B98A75 /* Release */ = {
			isa = XCBuildConfiguration;
			baseConfigurationReference = 08653618F3AEE4C902E2E14C /* Pods-Rated.release.xcconfig */;
			buildSettings = {
				ASSETCATALOG_COMPILER_APPICON_NAME = AppIcon;
				CODE_SIGN_STYLE = Automatic;
				DEVELOPMENT_ASSET_PATHS = "\"Rated/Preview Content\"";
				DEVELOPMENT_TEAM = 7JWF9M5F83;
				ENABLE_PREVIEWS = YES;
				INFOPLIST_FILE = Rated/Info.plist;
				IPHONEOS_DEPLOYMENT_TARGET = 13.5;
				LD_RUNPATH_SEARCH_PATHS = (
					"$(inherited)",
					"@executable_path/Frameworks",
				);
				PRODUCT_BUNDLE_IDENTIFIER = com.evijadigital.Rated;
				PRODUCT_NAME = "$(TARGET_NAME)";
				SWIFT_VERSION = 5.0;
				TARGETED_DEVICE_FAMILY = "1,2";
			};
			name = Release;
		};
		C036564A24C2810100B98A75 /* Debug */ = {
			isa = XCBuildConfiguration;
			baseConfigurationReference = DF088259FBA3D2B49ED5702E /* Pods-RatedTests.debug.xcconfig */;
			buildSettings = {
				ALWAYS_EMBED_SWIFT_STANDARD_LIBRARIES = YES;
				BUNDLE_LOADER = "$(TEST_HOST)";
				CODE_SIGN_STYLE = Automatic;
				INFOPLIST_FILE = RatedTests/Info.plist;
				IPHONEOS_DEPLOYMENT_TARGET = 13.5;
				LD_RUNPATH_SEARCH_PATHS = (
					"$(inherited)",
					"@executable_path/Frameworks",
					"@loader_path/Frameworks",
				);
				PRODUCT_BUNDLE_IDENTIFIER = com.evijadigital.RatedTests;
				PRODUCT_NAME = "$(TARGET_NAME)";
				SWIFT_VERSION = 5.0;
				TARGETED_DEVICE_FAMILY = "1,2";
				TEST_HOST = "$(BUILT_PRODUCTS_DIR)/Rated.app/Rated";
			};
			name = Debug;
		};
		C036564B24C2810100B98A75 /* Release */ = {
			isa = XCBuildConfiguration;
			baseConfigurationReference = 9CAFA42EE8B4CD36BA54C6F1 /* Pods-RatedTests.release.xcconfig */;
			buildSettings = {
				ALWAYS_EMBED_SWIFT_STANDARD_LIBRARIES = YES;
				BUNDLE_LOADER = "$(TEST_HOST)";
				CODE_SIGN_STYLE = Automatic;
				INFOPLIST_FILE = RatedTests/Info.plist;
				IPHONEOS_DEPLOYMENT_TARGET = 13.5;
				LD_RUNPATH_SEARCH_PATHS = (
					"$(inherited)",
					"@executable_path/Frameworks",
					"@loader_path/Frameworks",
				);
				PRODUCT_BUNDLE_IDENTIFIER = com.evijadigital.RatedTests;
				PRODUCT_NAME = "$(TARGET_NAME)";
				SWIFT_VERSION = 5.0;
				TARGETED_DEVICE_FAMILY = "1,2";
				TEST_HOST = "$(BUILT_PRODUCTS_DIR)/Rated.app/Rated";
			};
			name = Release;
		};
		C036564D24C2810100B98A75 /* Debug */ = {
			isa = XCBuildConfiguration;
			baseConfigurationReference = 25182501BBA1E2A09C9BA30F /* Pods-Rated-RatedUITests.debug.xcconfig */;
			buildSettings = {
				ALWAYS_EMBED_SWIFT_STANDARD_LIBRARIES = YES;
				CODE_SIGN_STYLE = Automatic;
				INFOPLIST_FILE = RatedUITests/Info.plist;
				LD_RUNPATH_SEARCH_PATHS = (
					"$(inherited)",
					"@executable_path/Frameworks",
					"@loader_path/Frameworks",
				);
				PRODUCT_BUNDLE_IDENTIFIER = com.evijadigital.RatedUITests;
				PRODUCT_NAME = "$(TARGET_NAME)";
				SWIFT_VERSION = 5.0;
				TARGETED_DEVICE_FAMILY = "1,2";
				TEST_TARGET_NAME = Rated;
			};
			name = Debug;
		};
		C036564E24C2810100B98A75 /* Release */ = {
			isa = XCBuildConfiguration;
			baseConfigurationReference = F53429266DC795AAA7132DD8 /* Pods-Rated-RatedUITests.release.xcconfig */;
			buildSettings = {
				ALWAYS_EMBED_SWIFT_STANDARD_LIBRARIES = YES;
				CODE_SIGN_STYLE = Automatic;
				INFOPLIST_FILE = RatedUITests/Info.plist;
				LD_RUNPATH_SEARCH_PATHS = (
					"$(inherited)",
					"@executable_path/Frameworks",
					"@loader_path/Frameworks",
				);
				PRODUCT_BUNDLE_IDENTIFIER = com.evijadigital.RatedUITests;
				PRODUCT_NAME = "$(TARGET_NAME)";
				SWIFT_VERSION = 5.0;
				TARGETED_DEVICE_FAMILY = "1,2";
				TEST_TARGET_NAME = Rated;
			};
			name = Release;
		};
/* End XCBuildConfiguration section */

/* Begin XCConfigurationList section */
		C036561724C280FF00B98A75 /* Build configuration list for PBXProject "Rated" */ = {
			isa = XCConfigurationList;
			buildConfigurations = (
				C036564424C2810100B98A75 /* Debug */,
				C036564524C2810100B98A75 /* Release */,
			);
			defaultConfigurationIsVisible = 0;
			defaultConfigurationName = Release;
		};
		C036564624C2810100B98A75 /* Build configuration list for PBXNativeTarget "Rated" */ = {
			isa = XCConfigurationList;
			buildConfigurations = (
				C036564724C2810100B98A75 /* Debug */,
				C036564824C2810100B98A75 /* Release */,
			);
			defaultConfigurationIsVisible = 0;
			defaultConfigurationName = Release;
		};
		C036564924C2810100B98A75 /* Build configuration list for PBXNativeTarget "RatedTests" */ = {
			isa = XCConfigurationList;
			buildConfigurations = (
				C036564A24C2810100B98A75 /* Debug */,
				C036564B24C2810100B98A75 /* Release */,
			);
			defaultConfigurationIsVisible = 0;
			defaultConfigurationName = Release;
		};
		C036564C24C2810100B98A75 /* Build configuration list for PBXNativeTarget "RatedUITests" */ = {
			isa = XCConfigurationList;
			buildConfigurations = (
				C036564D24C2810100B98A75 /* Debug */,
				C036564E24C2810100B98A75 /* Release */,
			);
			defaultConfigurationIsVisible = 0;
			defaultConfigurationName = Release;
		};
/* End XCConfigurationList section */

/* Begin XCRemoteSwiftPackageReference section */
		C03DAF1724D9081900CF9497 /* XCRemoteSwiftPackageReference "ChartView" */ = {
			isa = XCRemoteSwiftPackageReference;
			repositoryURL = "https://github.com/AppPear/ChartView";
			requirement = {
				kind = upToNextMajorVersion;
				minimumVersion = 1.5.4;
			};
		};
/* End XCRemoteSwiftPackageReference section */

/* Begin XCSwiftPackageProductDependency section */
		C03DAF1824D9081900CF9497 /* SwiftUICharts */ = {
			isa = XCSwiftPackageProductDependency;
			package = C03DAF1724D9081900CF9497 /* XCRemoteSwiftPackageReference "ChartView" */;
			productName = SwiftUICharts;
		};
/* End XCSwiftPackageProductDependency section */
	};
	rootObject = C036561424C280FF00B98A75 /* Project object */;
}
